
Microsoft Visual Studio Solution File, Format Version 12.00
# Visual Studio Version 16
VisualStudioVersion = 16.0.29911.84
MinimumVisualStudioVersion = 10.0.40219.1
Project("{9A19103F-16F7-4668-BE54-9A1E7A4F7556}") = "PFT.Web", "Presentation\PFT.Web\PFT.Web.csproj", "{94847417-56FB-4F0E-9E37-693F6F2637FF}"
	ProjectSection(ProjectDependencies) = postProject
		{731F041B-DD4C-43F0-B817-2C67CC015339} = {731F041B-DD4C-43F0-B817-2C67CC015339}
		{F5A2E72C-64EA-49A2-A12D-A697245B852A} = {F5A2E72C-64EA-49A2-A12D-A697245B852A}
		{9F03EA4D-987B-4B5B-B35C-DDAFE847D792} = {9F03EA4D-987B-4B5B-B35C-DDAFE847D792}
		{D2E11F61-A08A-4918-A482-D0607EB6D11A} = {D2E11F61-A08A-4918-A482-D0607EB6D11A}
	EndProjectSection
EndProject
Project("{2150E333-8FDC-42A3-9474-1A3956D46DE8}") = "Presentation", "Presentation", "{025ED170-B705-4444-B7C2-42428E60C158}"
EndProject
Project("{2150E333-8FDC-42A3-9474-1A3956D46DE8}") = "Libraries", "Libraries", "{44C46881-805B-4BC8-957E-3B522C2F1B6B}"
EndProject
Project("{2150E333-8FDC-42A3-9474-1A3956D46DE8}") = "Tests", "Tests", "{1AB0505F-115A-4EDA-96D8-470AA7AA2E82}"
EndProject
Project("{9A19103F-16F7-4668-BE54-9A1E7A4F7556}") = "PFT.Web.Framework", "Presentation\PFT.Web.Framework\PFT.Web.Framework.csproj", "{D2E11F61-A08A-4918-A482-D0607EB6D11A}"
	ProjectSection(ProjectDependencies) = postProject
		{731F041B-DD4C-43F0-B817-2C67CC015339} = {731F041B-DD4C-43F0-B817-2C67CC015339}
		{F5A2E72C-64EA-49A2-A12D-A697245B852A} = {F5A2E72C-64EA-49A2-A12D-A697245B852A}
		{9F03EA4D-987B-4B5B-B35C-DDAFE847D792} = {9F03EA4D-987B-4B5B-B35C-DDAFE847D792}
	EndProjectSection
EndProject
Project("{9A19103F-16F7-4668-BE54-9A1E7A4F7556}") = "PFT.Core", "Libraries\PFT.Core\PFT.Core.csproj", "{731F041B-DD4C-43F0-B817-2C67CC015339}"
EndProject
Project("{9A19103F-16F7-4668-BE54-9A1E7A4F7556}") = "PFT.Data", "Libraries\PFT.Data\PFT.Data.csproj", "{9F03EA4D-987B-4B5B-B35C-DDAFE847D792}"
	ProjectSection(ProjectDependencies) = postProject
		{731F041B-DD4C-43F0-B817-2C67CC015339} = {731F041B-DD4C-43F0-B817-2C67CC015339}
	EndProjectSection
EndProject
Project("{9A19103F-16F7-4668-BE54-9A1E7A4F7556}") = "PFT.Services", "Libraries\PFT.Services\PFT.Services.csproj", "{F5A2E72C-64EA-49A2-A12D-A697245B852A}"
	ProjectSection(ProjectDependencies) = postProject
		{731F041B-DD4C-43F0-B817-2C67CC015339} = {731F041B-DD4C-43F0-B817-2C67CC015339}
		{9F03EA4D-987B-4B5B-B35C-DDAFE847D792} = {9F03EA4D-987B-4B5B-B35C-DDAFE847D792}
	EndProjectSection
EndProject
Project("{9A19103F-16F7-4668-BE54-9A1E7A4F7556}") = "PFT.WebApi", "Presentation\PFT.WebApi\PFT.WebApi.csproj", "{3C338309-B13D-498D-9A48-C1D5A8663C9F}"
	ProjectSection(ProjectDependencies) = postProject
		{731F041B-DD4C-43F0-B817-2C67CC015339} = {731F041B-DD4C-43F0-B817-2C67CC015339}
		{137C1C28-4258-4A68-87FC-C488F5A03E17} = {137C1C28-4258-4A68-87FC-C488F5A03E17}
		{F5A2E72C-64EA-49A2-A12D-A697245B852A} = {F5A2E72C-64EA-49A2-A12D-A697245B852A}
		{9F03EA4D-987B-4B5B-B35C-DDAFE847D792} = {9F03EA4D-987B-4B5B-B35C-DDAFE847D792}
	EndProjectSection
EndProject
Project("{9A19103F-16F7-4668-BE54-9A1E7A4F7556}") = "PFT.WebApi.Framework", "Presentation\PFT.WebApi.Framework\PFT.WebApi.Framework.csproj", "{137C1C28-4258-4A68-87FC-C488F5A03E17}"
	ProjectSection(ProjectDependencies) = postProject
		{731F041B-DD4C-43F0-B817-2C67CC015339} = {731F041B-DD4C-43F0-B817-2C67CC015339}
		{F5A2E72C-64EA-49A2-A12D-A697245B852A} = {F5A2E72C-64EA-49A2-A12D-A697245B852A}
		{9F03EA4D-987B-4B5B-B35C-DDAFE847D792} = {9F03EA4D-987B-4B5B-B35C-DDAFE847D792}
	EndProjectSection
EndProject
Project("{FAE04EC0-301F-11D3-BF4B-00C04F79EFBC}") = "PFT.CoreTests", "Tests\PFT.CoreTests\PFT.CoreTests.csproj", "{5FE9462A-4EA1-4FC5-A4EF-98F10A1439B1}"
EndProject
Global
	GlobalSection(SolutionConfigurationPlatforms) = preSolution
		Debug|Any CPU = Debug|Any CPU
		Release|Any CPU = Release|Any CPU
	EndGlobalSection
	GlobalSection(ProjectConfigurationPlatforms) = postSolution
		{94847417-56FB-4F0E-9E37-693F6F2637FF}.Debug|Any CPU.ActiveCfg = Debug|Any CPU
		{94847417-56FB-4F0E-9E37-693F6F2637FF}.Debug|Any CPU.Build.0 = Debug|Any CPU
		{94847417-56FB-4F0E-9E37-693F6F2637FF}.Release|Any CPU.ActiveCfg = Release|Any CPU
		{94847417-56FB-4F0E-9E37-693F6F2637FF}.Release|Any CPU.Build.0 = Release|Any CPU
		{D2E11F61-A08A-4918-A482-D0607EB6D11A}.Debug|Any CPU.ActiveCfg = Debug|Any CPU
		{D2E11F61-A08A-4918-A482-D0607EB6D11A}.Debug|Any CPU.Build.0 = Debug|Any CPU
		{D2E11F61-A08A-4918-A482-D0607EB6D11A}.Release|Any CPU.ActiveCfg = Release|Any CPU
		{D2E11F61-A08A-4918-A482-D0607EB6D11A}.Release|Any CPU.Build.0 = Release|Any CPU
		{731F041B-DD4C-43F0-B817-2C67CC015339}.Debug|Any CPU.ActiveCfg = Debug|Any CPU
		{731F041B-DD4C-43F0-B817-2C67CC015339}.Debug|Any CPU.Build.0 = Debug|Any CPU
		{731F041B-DD4C-43F0-B817-2C67CC015339}.Release|Any CPU.ActiveCfg = Release|Any CPU
		{731F041B-DD4C-43F0-B817-2C67CC015339}.Release|Any CPU.Build.0 = Release|Any CPU
		{9F03EA4D-987B-4B5B-B35C-DDAFE847D792}.Debug|Any CPU.ActiveCfg = Debug|Any CPU
		{9F03EA4D-987B-4B5B-B35C-DDAFE847D792}.Debug|Any CPU.Build.0 = Debug|Any CPU
		{9F03EA4D-987B-4B5B-B35C-DDAFE847D792}.Release|Any CPU.ActiveCfg = Release|Any CPU
		{9F03EA4D-987B-4B5B-B35C-DDAFE847D792}.Release|Any CPU.Build.0 = Release|Any CPU
		{F5A2E72C-64EA-49A2-A12D-A697245B852A}.Debug|Any CPU.ActiveCfg = Debug|Any CPU
		{F5A2E72C-64EA-49A2-A12D-A697245B852A}.Debug|Any CPU.Build.0 = Debug|Any CPU
		{F5A2E72C-64EA-49A2-A12D-A697245B852A}.Release|Any CPU.ActiveCfg = Release|Any CPU
		{F5A2E72C-64EA-49A2-A12D-A697245B852A}.Release|Any CPU.Build.0 = Release|Any CPU
		{3C338309-B13D-498D-9A48-C1D5A8663C9F}.Debug|Any CPU.ActiveCfg = Debug|Any CPU
		{3C338309-B13D-498D-9A48-C1D5A8663C9F}.Debug|Any CPU.Build.0 = Debug|Any CPU
		{3C338309-B13D-498D-9A48-C1D5A8663C9F}.Release|Any CPU.ActiveCfg = Release|Any CPU
		{3C338309-B13D-498D-9A48-C1D5A8663C9F}.Release|Any CPU.Build.0 = Release|Any CPU
		{137C1C28-4258-4A68-87FC-C488F5A03E17}.Debug|Any CPU.ActiveCfg = Debug|Any CPU
		{137C1C28-4258-4A68-87FC-C488F5A03E17}.Debug|Any CPU.Build.0 = Debug|Any CPU
		{137C1C28-4258-4A68-87FC-C488F5A03E17}.Release|Any CPU.ActiveCfg = Release|Any CPU
		{137C1C28-4258-4A68-87FC-C488F5A03E17}.Release|Any CPU.Build.0 = Release|Any CPU
		{5FE9462A-4EA1-4FC5-A4EF-98F10A1439B1}.Debug|Any CPU.ActiveCfg = Debug|Any CPU
		{5FE9462A-4EA1-4FC5-A4EF-98F10A1439B1}.Debug|Any CPU.Build.0 = Debug|Any CPU
		{5FE9462A-4EA1-4FC5-A4EF-98F10A1439B1}.Release|Any CPU.ActiveCfg = Release|Any CPU
		{5FE9462A-4EA1-4FC5-A4EF-98F10A1439B1}.Release|Any CPU.Build.0 = Release|Any CPU
	EndGlobalSection
	GlobalSection(SolutionProperties) = preSolution
		HideSolutionNode = FALSE
	EndGlobalSection
	GlobalSection(NestedProjects) = preSolution
		{94847417-56FB-4F0E-9E37-693F6F2637FF} = {025ED170-B705-4444-B7C2-42428E60C158}
		{D2E11F61-A08A-4918-A482-D0607EB6D11A} = {025ED170-B705-4444-B7C2-42428E60C158}
		{731F041B-DD4C-43F0-B817-2C67CC015339} = {44C46881-805B-4BC8-957E-3B522C2F1B6B}
		{9F03EA4D-987B-4B5B-B35C-DDAFE847D792} = {44C46881-805B-4BC8-957E-3B522C2F1B6B}
		{F5A2E72C-64EA-49A2-A12D-A697245B852A} = {44C46881-805B-4BC8-957E-3B522C2F1B6B}
		{3C338309-B13D-498D-9A48-C1D5A8663C9F} = {025ED170-B705-4444-B7C2-42428E60C158}
		{137C1C28-4258-4A68-87FC-C488F5A03E17} = {025ED170-B705-4444-B7C2-42428E60C158}
	EndGlobalSection
	GlobalSection(ExtensibilityGlobals) = postSolution
		SolutionGuid = {0C7731D0-5532-438B-8974-32DBAF695DB6}
	EndGlobalSection
EndGlobal
